
Microsoft Visual Studio Solution File, Format Version 12.00
# Visual Studio Version 17
VisualStudioVersion = 17.6.33801.468
MinimumVisualStudioVersion = 10.0.40219.1
Project("{9A19103F-16F7-4668-BE54-9A1E7A4F7556}") = "order", "order\order.csproj", "{BFB2F394-EB8D-45FD-B04C-B34AC0D51C77}"
EndProject
Project("{FAE04EC0-301F-11D3-BF4B-00C04F79EFBC}") = "TestProject1", "TestProject1\TestProject1.csproj", "{14F06032-70AB-4750-8696-674D4066A742}"
EndProject
Global
	GlobalSection(SolutionConfigurationPlatforms) = preSolution
		Debug|Any CPU = Debug|Any CPU
		Release|Any CPU = Release|Any CPU
	EndGlobalSection
	GlobalSection(ProjectConfigurationPlatforms) = postSolution
		{BFB2F394-EB8D-45FD-B04C-B34AC0D51C77}.Debug|Any CPU.ActiveCfg = Debug|Any CPU
		{BFB2F394-EB8D-45FD-B04C-B34AC0D51C77}.Debug|Any CPU.Build.0 = Debug|Any CPU
		{BFB2F394-EB8D-45FD-B04C-B34AC0D51C77}.Release|Any CPU.ActiveCfg = Release|Any CPU
		{BFB2F394-EB8D-45FD-B04C-B34AC0D51C77}.Release|Any CPU.Build.0 = Release|Any CPU
		{14F06032-70AB-4750-8696-674D4066A742}.Debug|Any CPU.ActiveCfg = Debug|Any CPU
		{14F06032-70AB-4750-8696-674D4066A742}.Debug|Any CPU.Build.0 = Debug|Any CPU
		{14F06032-70AB-4750-8696-674D4066A742}.Release|Any CPU.ActiveCfg = Release|Any CPU
		{14F06032-70AB-4750-8696-674D4066A742}.Release|Any CPU.Build.0 = Release|Any CPU
	EndGlobalSection
	GlobalSection(SolutionProperties) = preSolution
		HideSolutionNode = FALSE
	EndGlobalSection
	GlobalSection(ExtensibilityGlobals) = postSolution
		SolutionGuid = {9EB1B939-4C19-41EA-97B3-C55D58C6E0E1}
	EndGlobalSection
EndGlobal
